{
    "_meta": {
        "hash": {
            "sha256": "2649055f72af376712163c565273f3e00a643434439ebed7efd7058e53f45b70"
        },
        "pipfile-spec": 6,
        "requires": {
            "python_version": "3"
        },
        "sources": [
            {
                "name": "pypi",
                "url": "https://pypi.org/simple",
                "verify_ssl": true
            }
        ]
    },
    "default": {
        "ipyparallel": "*",
        "ipython": "*",
        "jupyter": "*",
        "jupyter_server": "*",
        "redis": "*",
        "rpyc": "*",
        "zmq": "*"
    },
    "develop": {
        "autopep8": "*",
        "pylint": "*",
        "rope": "*"
    }
}
